[{<<"neotoma">>,
  {git,"git://github.com/seancribbs/neotoma.git",
       {ref,"6ac6007c7713712a80096de5c7cdf5b85b01374e"}},
  2},
 {<<"getopt">>,
  {git,"git://github.com/jcomellas/getopt.git",
       {ref,"388dc95caa7fb97ec7db8cfc39246a36aba61bd8"}},
  2},
 {<<"goldrush">>,
  {git,"git://github.com/DeadZen/goldrush.git",
       {ref,"64864ba7fcf40988361340e48680b49a2c2938cf"}},
  1},
 {<<"cuttlefish">>,
  {git,"git://github.com/basho/cuttlefish.git",
       {ref,"9ff58304e3496dfc9644089cfa13f7c255614d9c"}},
  1},
 {<<"riak_dt">>,
  {git,"git://github.com/basho/riak_dt.git",
       {ref,"a2986bccd1cc42facdfe739495c6d13762ae0f37"}},
  0},
 {<<"lager">>,
  {git,"git://github.com/basho/lager.git",
       {ref,"d1ff368a781296fec9de2e64d6476db285555ec5"}},
  0},
 {<<"eleveldb">>,
  {git,"git://github.com/basho/eleveldb.git",
       {ref,"ed3a07269bc099fe3d2d556ce1d3b3a72c26aa05"}},
  0}].
